
Microsoft Visual Studio Solution File, Format Version 12.00
# Visual Studio Version 17
VisualStudioVersion = 17.7.34221.43
MinimumVisualStudioVersion = 10.0.40219.1
Project("{FAE04EC0-301F-11D3-BF4B-00C04F79EFBC}") = "practica2_copia2", "practica2_copia2.csproj", "{2BD5942F-655B-4476-B7D7-8BC119EA23F5}"
EndProject
Global
	GlobalSection(SolutionConfigurationPlatforms) = preSolution
		Debug|Any CPU = Debug|Any CPU
		Release|Any CPU = Release|Any CPU
	EndGlobalSection
	GlobalSection(ProjectConfigurationPlatforms) = postSolution
		{2BD5942F-655B-4476-B7D7-8BC119EA23F5}.Debug|Any CPU.ActiveCfg = Debug|Any CPU
		{2BD5942F-655B-4476-B7D7-8BC119EA23F5}.Debug|Any CPU.Build.0 = Debug|Any CPU
		{2BD5942F-655B-4476-B7D7-8BC119EA23F5}.Release|Any CPU.ActiveCfg = Release|Any CPU
		{2BD5942F-655B-4476-B7D7-8BC119EA23F5}.Release|Any CPU.Build.0 = Release|Any CPU
	EndGlobalSection
	GlobalSection(SolutionProperties) = preSolution
		HideSolutionNode = FALSE
	EndGlobalSection
	GlobalSection(ExtensibilityGlobals) = postSolution
		SolutionGuid = {5D82471B-8D9C-451F-890B-47E3A4C8CBA5}
	EndGlobalSection
EndGlobal
